
Microsoft Visual Studio Solution File, Format Version 12.00
# Visual Studio Version 17
VisualStudioVersion = 17.4.33213.308
MinimumVisualStudioVersion = 10.0.40219.1
Project("{FAE04EC0-301F-11D3-BF4B-00C04F79EFBC}") = "Small Shop Management System", "Small Shop Management System\Small Shop Management System.csproj", "{AFD91A35-2C63-483D-BBCF-E5F6BAEA18FA}"
EndProject
Global
	GlobalSection(SolutionConfigurationPlatforms) = preSolution
		Debug|Any CPU = Debug|Any CPU
		Release|Any CPU = Release|Any CPU
	EndGlobalSection
	GlobalSection(ProjectConfigurationPlatforms) = postSolution
		{AFD91A35-2C63-483D-BBCF-E5F6BAEA18FA}.Debug|Any CPU.ActiveCfg = Debug|Any CPU
		{AFD91A35-2C63-483D-BBCF-E5F6BAEA18FA}.Debug|Any CPU.Build.0 = Debug|Any CPU
		{AFD91A35-2C63-483D-BBCF-E5F6BAEA18FA}.Release|Any CPU.ActiveCfg = Release|Any CPU
		{AFD91A35-2C63-483D-BBCF-E5F6BAEA18FA}.Release|Any CPU.Build.0 = Release|Any CPU
	EndGlobalSection
	GlobalSection(SolutionProperties) = preSolution
		HideSolutionNode = FALSE
	EndGlobalSection
	GlobalSection(ExtensibilityGlobals) = postSolution
		SolutionGuid = {8A6725F2-359B-443F-8EFA-79988CF42C19}
	EndGlobalSection
EndGlobal
